
Microsoft Visual Studio Solution File, Format Version 12.00
# Visual Studio Version 17
VisualStudioVersion = 17.1.32319.34
MinimumVisualStudioVersion = 10.0.40219.1
Project("{8BC9CEB8-8B4A-11D0-8D11-00A0C91BC942}") = "Sandbox", "Sandbox\Sandbox.vcxproj", "{15CBB8D7-7736-4D46-B0D5-F42C6F42BB28}"
EndProject
Project("{8BC9CEB8-8B4A-11D0-8D11-00A0C91BC942}") = "Flint", "Flint\Flint.vcxproj", "{3DB4E19C-666E-4BA3-BA5E-70F0FD19FB51}"
EndProject
Global
	GlobalSection(SolutionConfigurationPlatforms) = preSolution
		Debug|x64 = Debug|x64
		Release|x64 = Release|x64
	EndGlobalSection
	GlobalSection(ProjectConfigurationPlatforms) = postSolution
		{3DB4E19C-666E-4BA3-BA5E-70F0FD19FB51}.Debug|x64.ActiveCfg = Debug|x64
		{3DB4E19C-666E-4BA3-BA5E-70F0FD19FB51}.Debug|x64.Build.0 = Debug|x64
		{3DB4E19C-666E-4BA3-BA5E-70F0FD19FB51}.Release|x64.ActiveCfg = Release|x64
		{3DB4E19C-666E-4BA3-BA5E-70F0FD19FB51}.Release|x64.Build.0 = Release|x64
		{15CBB8D7-7736-4D46-B0D5-F42C6F42BB28}.Debug|x64.ActiveCfg = Debug|x64
		{15CBB8D7-7736-4D46-B0D5-F42C6F42BB28}.Debug|x64.Build.0 = Debug|x64
		{15CBB8D7-7736-4D46-B0D5-F42C6F42BB28}.Release|x64.ActiveCfg = Release|x64
		{15CBB8D7-7736-4D46-B0D5-F42C6F42BB28}.Release|x64.Build.0 = Release|x64
	EndGlobalSection
	GlobalSection(SolutionProperties) = preSolution
		HideSolutionNode = FALSE
	EndGlobalSection
	GlobalSection(ExtensibilityGlobals) = postSolution
		SolutionGuid = {C9CC43D8-40F3-4438-AD1D-687E352331FA}
	EndGlobalSection
EndGlobal
